{
    "_meta": {
        "hash": {
            "sha256": "65ef4d67eeb4ed4e9f7cf5a4af39585e5155a0c7c4e562317ba0489c44e84fa8"
        },
        "pipfile-spec": 6,
        "requires": {
            "python_version": "3.10"
        },
        "sources": [
            {
                "name": "pypi",
                "url": "https://pypi.org/simple",
                "verify_ssl": true
            }
        ]
    },
    "default": {
        "anyio": {
            "hashes": [
                "sha256:24adc69309fb5779bc1e06158e143e0b6d2c56b302a3ac3de3083c705a6ed39d",
                "sha256:2855a9423524abcdd652d942f8932fda1735210f77a6b392eafd9ff34d3fe020"
            ],
            "markers": "python_full_version >= '3.6.2'",
            "version": "==3.4.0"
        },
        "attrs": {
            "hashes": [
                "sha256:149e90d6d8ac20db7a955ad60cf0e6881a3f20d37096140088356da6c716b0b1",
                "sha256:ef6aaac3ca6cd92904cdd0d83f629a15f18053ec84e6432106f7a4d04ae4f5fb"
            ],
            "markers": "python_version >= '2.7' and python_version not in '3.0, 3.1, 3.2, 3.3, 3.4'",
            "version": "==21.2.0"
        },
        "beautifulsoup4": {
            "hashes": [
                "sha256:9a315ce70049920ea4572a4055bc4bd700c940521d36fc858205ad4fcde149bf",
                "sha256:c23ad23c521d818955a4151a67d81580319d4bf548d3d49f4223ae041ff98891"
            ],
            "index": "pypi",
            "version": "==4.10.0"
        },
        "certifi": {
            "hashes": [
                "sha256:78884e7c1d4b00ce3cea67b44566851c4343c120abd683433ce934a68ea58872",
                "sha256:d62a0163eb4c2344ac042ab2bdf75399a71a2d8c7d47eac2e2ee91b9d6339569"
            ],
            "version": "==2021.10.8"
        },
        "chardet": {
            "hashes": [
                "sha256:0d6f53a15db4120f2b08c94f11e7d93d2c911ee118b6b30a04ec3ee8310179fa",
                "sha256:f864054d66fd9118f2e67044ac8981a54775ec5b67aed0441892edb553d21da5"
            ],
            "markers": "python_version >= '2.7' and python_version not in '3.0, 3.1, 3.2, 3.3, 3.4'",
            "version": "==4.0.0"
        },
        "charset-normalizer": {
            "hashes": [
                "sha256:1eecaa09422db5be9e29d7fc65664e6c33bd06f9ced7838578ba40d58bdf3721",
                "sha256:b0b883e8e874edfdece9c28f314e3dd5badf067342e42fb162203335ae61aa2c"
            ],
            "markers": "python_version >= '3.5'",
            "version": "==2.0.9"
        },
        "dataclasses": {
            "hashes": [
                "sha256:454a69d788c7fda44efd71e259be79577822f5e3f53f029a22d08004e951dc9f",
                "sha256:6988bd2b895eef432d562370bb707d540f32f7360ab13da45340101bc2307d84"
            ],
            "version": "==0.6"
        },
        "deprecation": {
            "hashes": [
                "sha256:72b3bde64e5d778694b0cf68178aed03d15e15477116add3fb773e581f9518ff",
                "sha256:a10811591210e1fb0e768a8c25517cabeabcba6f0bf96564f8ff45189f90b14a"
            ],
            "version": "==2.1.0"
        },
        "gotrue": {
            "hashes": [
                "sha256:de6bb752fcc6d5b59eadf44a0d39644203407e6905701c30c00dea3747273e4a",
                "sha256:e0260c096f83f89c5599754d0ec71f52cb7073539f95aca3d772ad50c78dd34a"
            ],
            "markers": "python_version >= '3.7'",
            "version": "==0.2.0"
        },
        "h11": {
            "hashes": [
                "sha256:36a3cb8c0a032f56e2da7084577878a035d3b61d104230d4bd49c0c6b555a9c6",
                "sha256:47222cb6067e4a307d535814917cd98fd0a57b6788ce715755fa2b6c28b56042"
            ],
            "markers": "python_version >= '3.6'",
            "version": "==0.12.0"
        },
        "httpcore": {
            "hashes": [
                "sha256:036f960468759e633574d7c121afba48af6419615d36ab8ede979f1ad6276fa3",
                "sha256:369aa481b014cf046f7067fddd67d00560f2f00426e79569d99cb11245134af0"
            ],
            "markers": "python_version >= '3.6'",
            "version": "==0.13.7"
        },
        "httpx": {
            "hashes": [
                "sha256:92ecd2c00c688b529eda11cedb15161eaf02dee9116712f621c70d9a40b2cdd0",
                "sha256:9bd728a6c5ec0a9e243932a9983d57d3cc4a87bb4f554e1360fce407f78f9435"
            ],
            "markers": "python_version >= '3.6'",
            "version": "==0.19.0"
        },
        "idna": {
            "hashes": [
                "sha256:b307872f855b18632ce0c21c5e45be78c0ea7ae4c15c828c20788b26921eb3f6",
                "sha256:b97d804b1e9b523befed77c48dacec60e6dcb0b5391d57af6a65a312a90648c0"
            ],
            "markers": "python_version >= '2.7' and python_version not in '3.0, 3.1, 3.2, 3.3'",
            "version": "==2.10"
        },
        "iniconfig": {
            "hashes": [
                "sha256:011e24c64b7f47f6ebd835bb12a743f2fbe9a26d4cecaa7f53bc4f35ee9da8b3",
                "sha256:bc3af051d7d14b2ee5ef9969666def0cd1a000e121eaea580d4a313df4b37f32"
            ],
            "version": "==1.1.1"
        },
        "packaging": {
            "hashes": [
                "sha256:dd47c42927d89ab911e606518907cc2d3a1f38bbd026385970643f9c5b8ecfeb",
                "sha256:ef103e05f519cdc783ae24ea4e2e0f508a9c99b2d4969652eed6a2e1ea5bd522"
            ],
            "markers": "python_version >= '3.6'",
            "version": "==21.3"
        },
        "pluggy": {
            "hashes": [
                "sha256:4224373bacce55f955a878bf9cfa763c1e360858e330072059e10bad68531159",
                "sha256:74134bbf457f031a36d68416e1509f34bd5ccc019f0bcc952c7b909d06b37bd3"
            ],
            "markers": "python_version >= '3.6'",
            "version": "==1.0.0"
        },
        "postgrest-py": {
            "hashes": [
                "sha256:d0741af1de0da54846ec5356ca3145d019ef2996d46cd5015737b415109cce2b",
                "sha256:fe251d7a27539fe01afa5cb266c2f5c04bb25115e0b19d424f33861a4e31fd89"
            ],
            "markers": "python_version >= '3.7' and python_full_version < '4.0.0'",
            "version": "==0.5.0"
        },
        "py": {
            "hashes": [
                "sha256:51c75c4126074b472f746a24399ad32f6053d1b34b68d2fa41e558e6f4a98719",
                "sha256:607c53218732647dff4acdfcd50cb62615cedf612e72d1724fb1a0cc6405b378"
            ],
            "markers": "python_version >= '2.7' and python_version not in '3.0, 3.1, 3.2, 3.3, 3.4'",
            "version": "==1.11.0"
        },
        "pyparsing": {
            "hashes": [
                "sha256:04ff808a5b90911829c55c4e26f75fa5ca8a2f5f36aa3a51f68e27033341d3e4",
                "sha256:d9bdec0013ef1eb5a84ab39a3b3868911598afa494f5faa038647101504e2b81"
            ],
            "markers": "python_version >= '3.6'",
            "version": "==3.0.6"
        },
        "pytest": {
            "hashes": [
                "sha256:131b36680866a76e6781d13f101efb86cf674ebb9762eb70d3082b6f29889e89",
                "sha256:7310f8d27bc79ced999e760ca304d69f6ba6c6649c0b60fb0e04a4a77cacc134"
            ],
            "markers": "python_version >= '3.6'",
            "version": "==6.2.5"
        },
        "python-dateutil": {
            "hashes": [
                "sha256:0123cacc1627ae19ddf3c27a5de5bd67ee4586fbdd6440d9748f8abb483d3e86",
                "sha256:961d03dc3453ebbc59dbdea9e4e11c5651520a876d0f4db161e8674aae935da9"
            ],
            "markers": "python_version >= '2.7' and python_version not in '3.0, 3.1, 3.2'",
            "version": "==2.8.2"
        },
        "realtime-py": {
            "hashes": [
                "sha256:218f8516d9a4e56c0feac9fae28c3571cdba74be1cb8616c2be029cb7df434f4",
                "sha256:4f245094fa3cdf106efe538afbb61b6486369d3210d49af1923d285441315554"
            ],
            "markers": "python_version >= '3.7' and python_full_version < '4.0.0'",
            "version": "==0.1.3"
        },
        "requests": {
            "hashes": [
                "sha256:27973dd4a904a4f13b263a19c866c13b92a39ed1c964655f025f3f8d3d75b804",
                "sha256:c210084e36a42ae6b9219e00e48287def368a26d03a048ddad7bfee44f75871e"
            ],
            "index": "pypi",
            "version": "==2.25.1"
        },
        "rfc3986": {
            "extras": [
                "idna2008"
            ],
            "hashes": [
                "sha256:270aaf10d87d0d4e095063c65bf3ddbc6ee3d0b226328ce21e036f946e421835",
                "sha256:a86d6e1f5b1dc238b218b012df0aa79409667bb209e58da56d0b94704e712a97"
            ],
            "version": "==1.5.0"
        },
        "six": {
            "hashes": [
                "sha256:1e61c37477a1626458e36f7b1d82aa5c9b094fa4802892072e49de9c60c4c926",
                "sha256:8abb2f1d86890a2dfb989f9a77cfcfd3e47c2a354b01111771326f8aa26e0254"
            ],
            "markers": "python_version >= '2.7' and python_version not in '3.0, 3.1, 3.2'",
            "version": "==1.16.0"
        },
        "sniffio": {
            "hashes": [
                "sha256:471b71698eac1c2112a40ce2752bb2f4a4814c22a54a3eed3676bc0f5ca9f663",
                "sha256:c4666eecec1d3f50960c6bdf61ab7bc350648da6c126e3cf6898d8cd4ddcd3de"
            ],
            "markers": "python_version >= '3.5'",
            "version": "==1.2.0"
        },
        "soupsieve": {
            "hashes": [
                "sha256:1a3cca2617c6b38c0343ed661b1fa5de5637f257d4fe22bd9f1338010a1efefb",
                "sha256:b8d49b1cd4f037c7082a9683dfa1801aa2597fb11c3a1155b7a5b94829b4f1f9"
            ],
            "markers": "python_version >= '3.6'",
            "version": "==2.3.1"
        },
        "supabase": {
            "hashes": [
                "sha256:9c34ab2d8eb13e2528b15d892a13a48b2ad8b685e8653ca3eb8e209cb7899744",
                "sha256:f4f969b0d6cbecaaabeb58492950e18c266ecf5b99e92ac84dce6acbec90aced"
            ],
            "index": "pypi",
            "version": "==0.0.3"
        },
        "toml": {
            "hashes": [
                "sha256:806143ae5bfb6a3c6e736a764057db0e6a0e05e338b5630894a5f779cabb4f9b",
                "sha256:b3bda1d108d5dd99f4a20d24d9c348e91c4db7ab1b749200bded2f839ccbe68f"
            ],
            "markers": "python_version >= '2.6' and python_version not in '3.0, 3.1, 3.2'",
            "version": "==0.10.2"
        },
        "urllib3": {
            "hashes": [
                "sha256:4987c65554f7a2dbf30c18fd48778ef124af6fab771a377103da0585e2336ece",
                "sha256:c4fdf4019605b6e5423637e01bc9fe4daef873709a7973e195ceba0a62bbc844"
            ],
            "markers": "python_version >= '2.7' and python_version not in '3.0, 3.1, 3.2, 3.3, 3.4' and python_full_version < '4.0.0'",
            "version": "==1.26.7"
        },
        "websockets": {
            "hashes": [
                "sha256:0dd4eb8e0bbf365d6f652711ce21b8fd2b596f873d32aabb0fbb53ec604418cc",
                "sha256:1d0971cc7251aeff955aa742ec541ee8aaea4bb2ebf0245748fbec62f744a37e",
                "sha256:1d6b4fddb12ab9adf87b843cd4316c4bd602db8d5efd2fb83147f0458fe85135",
                "sha256:230a3506df6b5f446fed2398e58dcaafdff12d67fe1397dff196411a9e820d02",
                "sha256:276d2339ebf0df4f45df453923ebd2270b87900eda5dfd4a6b0cfa15f82111c3",
                "sha256:2cf04601633a4ec176b9cc3d3e73789c037641001dbfaf7c411f89cd3e04fcaf",
                "sha256:3ddff38894c7857c476feb3538dd847514379d6dc844961dc99f04b0384b1b1b",
                "sha256:48c222feb3ced18f3dc61168ca18952a22fb88e5eb8902d2bf1b50faefdc34a2",
                "sha256:51d04df04ed9d08077d10ccbe21e6805791b78eac49d16d30a1f1fe2e44ba0af",
                "sha256:597c28f3aa7a09e8c070a86b03107094ee5cdafcc0d55f2f2eac92faac8dc67d",
                "sha256:5c8f0d82ea2468282e08b0cf5307f3ad022290ed50c45d5cb7767957ca782880",
                "sha256:7189e51955f9268b2bdd6cc537e0faa06f8fffda7fb386e5922c6391de51b077",
                "sha256:7df3596838b2a0c07c6f6d67752c53859a54993d4f062689fdf547cb56d0f84f",
                "sha256:826ccf85d4514609219725ba4a7abd569228c2c9f1968e8be05be366f68291ec",
                "sha256:836d14eb53b500fd92bd5db2fc5894f7c72b634f9c2a28f546f75967503d8e25",
                "sha256:85db8090ba94e22d964498a47fdd933b8875a1add6ebc514c7ac8703eb97bbf0",
                "sha256:85e701a6c316b7067f1e8675c638036a796fe5116783a4c932e7eb8e305a3ffe",
                "sha256:900589e19200be76dd7cbaa95e9771605b5ce3f62512d039fb3bc5da9014912a",
                "sha256:9147868bb0cc01e6846606cd65cbf9c58598f187b96d14dd1ca17338b08793bb",
                "sha256:9e7fdc775fe7403dbd8bc883ba59576a6232eac96dacb56512daacf7af5d618d",
                "sha256:ab5ee15d3462198c794c49ccd31773d8a2b8c17d622aa184f669d2b98c2f0857",
                "sha256:ad893d889bc700a5835e0a95a3e4f2c39e91577ab232a3dc03c262a0f8fc4b5c",
                "sha256:b2e71c4670ebe1067fa8632f0d081e47254ee2d3d409de54168b43b0ba9147e0",
                "sha256:b43b13e5622c5a53ab12f3272e6f42f1ce37cd5b6684b2676cb365403295cd40",
                "sha256:b4ad84b156cf50529b8ac5cc1638c2cf8680490e3fccb6121316c8c02620a2e4",
                "sha256:be5fd35e99970518547edc906efab29afd392319f020c3c58b0e1a158e16ed20",
                "sha256:caa68c95bc1776d3521f81eeb4d5b9438be92514ec2a79fececda814099c8314",
                "sha256:d144b350045c53c8ff09aa1cfa955012dd32f00c7e0862c199edcabb1a8b32da",
                "sha256:d2c2d9b24d3c65b5a02cac12cbb4e4194e590314519ed49db2f67ef561c3cf58",
                "sha256:e9e5fd6dbdf95d99bc03732ded1fc8ef22ebbc05999ac7e0c7bf57fe6e4e5ae2",
                "sha256:ebf459a1c069f9866d8569439c06193c586e72c9330db1390af7c6a0a32c4afd",
                "sha256:f31722f1c033c198aa4a39a01905951c00bd1c74f922e8afc1b1c62adbcdd56a",
                "sha256:f68c352a68e5fdf1e97288d5cec9296664c590c25932a8476224124aaf90dbcd"
            ],
            "markers": "python_full_version >= '3.6.1'",
            "version": "==9.1"
        }
    },
    "develop": {
        "black": {
            "hashes": [
                "sha256:77b80f693a569e2e527958459634f18df9b0ba2625ba4e0c2d5da5be42e6f2b3",
                "sha256:a615e69ae185e08fdd73e4715e260e2479c861b5740057fde6e8b4e3b7dd589f"
            ],
            "index": "pypi",
            "version": "==21.12b0"
        },
        "click": {
            "hashes": [
                "sha256:353f466495adaeb40b6b5f592f9f91cb22372351c84caeb068132442a4518ef3",
                "sha256:410e932b050f5eed773c4cda94de75971c89cdb3155a72a0831139a79e5ecb5b"
            ],
            "markers": "python_version >= '3.6'",
            "version": "==8.0.3"
        },
        "mypy": {
            "hashes": [
                "sha256:13b3c110309b53f5a62aa1b360f598124be33a42563b790a2a9efaacac99f1fc",
                "sha256:140174e872d20d4768124a089b9f9fc83abd6a349b7f8cc6276bc344eb598922",
                "sha256:31895b0b3060baf15bf76e789d94722c026f673b34b774bba9e8772295edccff",
                "sha256:331a81d2c9bf1be25317260a073b41f4584cd11701a7c14facef0aa5a005e843",
                "sha256:40cb062f1b7ff4cd6e897a89d8ddc48c6ad7f326b5277c93a8c559564cc1551c",
                "sha256:41f3575b20714171c832d8f6c7aaaa0d499c9a2d1b8adaaf837b4c9065c38540",
                "sha256:431be889ffc8d9681813a45575c42e341c19467cbfa6dd09bf41467631feb530",
                "sha256:562a0e335222d5bbf5162b554c3afe3745b495d67c7fe6f8b0d1b5bace0c1eeb",
                "sha256:618e677aabd21f30670bffb39a885a967337f5b112c6fb7c79375e6dced605d6",
                "sha256:69b5a835b12fdbfeed84ef31152d41343d32ccb2b345256d8682324409164330",
                "sha256:71c77bd885d2ce44900731d4652d0d1c174dc66a0f11200e0c680bdedf1a6b37",
                "sha256:82e6c15675264e923b60a11d6eb8f90665504352e68edfbb4a79aac7a04caddd",
                "sha256:98b4f91a75fed2e4c6339e9047aba95968d3a7c4b91e92ab9dc62c0c583564f4",
                "sha256:993c2e52ea9570e6e872296c046c946377b9f5e89eeb7afea2a1524cf6e50b27",
                "sha256:9cd316e9705555ca6a50670ba5fb0084d756d1d8cb1697c83820b1456b0bc5f3",
                "sha256:a55438627f5f546192f13255a994d6d1cf2659df48adcf966132b4379fd9c86b",
                "sha256:df0fec878ccfcb2d1d2306ba31aa757848f681e7bbed443318d9bbd4b0d0fe9a",
                "sha256:e091fe58b4475b3504dc7c3022ff7f4af2f9e9ddf7182047111759ed0973bbde",
                "sha256:f8b2059f73878e92eff7ed11a03515d6572f4338a882dd7547b5f7dd242118e6",
                "sha256:ffb1e57ec49a30e3c0ebcfdc910ae4aceb7afb649310b7355509df6b15bd75f6"
            ],
            "index": "pypi",
            "version": "==0.920"
        },
        "mypy-extensions": {
            "hashes": [
                "sha256:090fedd75945a69ae91ce1303b5824f428daf5a028d2f6ab8a299250a846f15d",
                "sha256:2d82818f5bb3e369420cb3c4060a7970edba416647068eb4c5343488a6c604a8"
            ],
            "version": "==0.4.3"
        },
        "pathspec": {
            "hashes": [
                "sha256:7d15c4ddb0b5c802d161efc417ec1a2558ea2653c2e8ad9c19098201dc1c993a",
                "sha256:e564499435a2673d586f6b2130bb5b95f04a3ba06f81b8f895b651a3c76aabb1"
            ],
            "version": "==0.9.0"
        },
        "platformdirs": {
            "hashes": [
                "sha256:367a5e80b3d04d2428ffa76d33f124cf11e8fff2acdaa9b43d545f5c7d661ef2",
                "sha256:8868bbe3c3c80d42f20156f22e7131d2fb321f5bc86a2a345375c6481a67021d"
            ],
            "markers": "python_version >= '3.6'",
            "version": "==2.4.0"
        },
        "tomli": {
            "hashes": [
                "sha256:05b6166bff487dc068d322585c7ea4ef78deed501cc124060e0f238e89a9231f",
                "sha256:e3069e4be3ead9668e21cb9b074cd948f7b3113fd9c8bba083f48247aab8b11c"
            ],
            "markers": "python_version >= '3.6'",
            "version": "==1.2.3"
        },
        "typing-extensions": {
            "hashes": [
                "sha256:4ca091dea149f945ec56afb48dae714f21e8692ef22a395223bcd328961b6a0e",
                "sha256:7f001e5ac290a0c0401508864c7ec868be4e701886d5b573a9528ed3973d9d3b"
            ],
            "markers": "python_version >= '3.6'",
            "version": "==4.0.1"
        }
    }
}
